// !$*UTF8*$!
{
	archiveVersion = 1;
	classes = {
	};
	objectVersion = 55;
	objects = {

/* Begin PBXBuildFile section */
		6A36F3932864742A00705005 /* Tests_iOS.swift in Sources */ = {isa = PBXBuildFile; fileRef = 6A36F3922864742A00705005 /* Tests_iOS.swift */; };
		6A36F3952864742A00705005 /* Tests_iOSLaunchTests.swift in Sources */ = {isa = PBXBuildFile; fileRef = 6A36F3942864742A00705005 /* Tests_iOSLaunchTests.swift */; };
		6A36F39F2864742A00705005 /* Tests_macOS.swift in Sources */ = {isa = PBXBuildFile; fileRef = 6A36F39E2864742A00705005 /* Tests_macOS.swift */; };
		6A36F3A12864742A00705005 /* Tests_macOSLaunchTests.swift in Sources */ = {isa = PBXBuildFile; fileRef = 6A36F3A02864742A00705005 /* Tests_macOSLaunchTests.swift */; };
		6A36F3A22864742A00705005 /* SimulatorPerritosApp.swift in Sources */ = {isa = PBXBuildFile; fileRef = 6A36F37A2864742700705005 /* SimulatorPerritosApp.swift */; };
		6A36F3A32864742A00705005 /* SimulatorPerritosApp.swift in Sources */ = {isa = PBXBuildFile; fileRef = 6A36F37A2864742700705005 /* SimulatorPerritosApp.swift */; };
		6A36F3A42864742A00705005 /* ContentView.swift in Sources */ = {isa = PBXBuildFile; fileRef = 6A36F37B2864742700705005 /* ContentView.swift */; };
		6A36F3A52864742A00705005 /* ContentView.swift in Sources */ = {isa = PBXBuildFile; fileRef = 6A36F37B2864742700705005 /* ContentView.swift */; };
		6A36F3A62864742A00705005 /* Assets.xcassets in Resources */ = {isa = PBXBuildFile; fileRef = 6A36F37C2864742A00705005 /* Assets.xcassets */; };
		6A36F3A72864742A00705005 /* Assets.xcassets in Resources */ = {isa = PBXBuildFile; fileRef = 6A36F37C2864742A00705005 /* Assets.xcassets */; };
/* End PBXBuildFile section */

/* Begin PBXContainerItemProxy section */
		6A36F38F2864742A00705005 /* PBXContainerItemProxy */ = {
			isa = PBXContainerItemProxy;
			containerPortal = 6A36F3752864742700705005 /* Project object */;
			proxyType = 1;
			remoteGlobalIDString = 6A36F3802864742A00705005;
			remoteInfo = "SimulatorPerritos (iOS)";
		};
		6A36F39B2864742A00705005 /* PBXContainerItemProxy */ = {
			isa = PBXContainerItemProxy;
			containerPortal = 6A36F3752864742700705005 /* Project object */;
			proxyType = 1;
			remoteGlobalIDString = 6A36F3862864742A00705005;
			remoteInfo = "SimulatorPerritos (macOS)";
		};
/* End PBXContainerItemProxy section */

/* Begin PBXFileReference section */
		6A36F37A2864742700705005 /* SimulatorPerritosApp.swift */ = {isa = PBXFileReference; lastKnownFileType = sourcecode.swift; path = SimulatorPerritosApp.swift; sourceTree = "<group>"; };
		6A36F37B2864742700705005 /* ContentView.swift */ = {isa = PBXFileReference; lastKnownFileType = sourcecode.swift; path = ContentView.swift; sourceTree = "<group>"; };
		6A36F37C2864742A00705005 /* Assets.xcassets */ = {isa = PBXFileReference; lastKnownFileType = folder.assetcatalog; path = Assets.xcassets; sourceTree = "<group>"; };
		6A36F3812864742A00705005 /* SimulatorPerritos.app */ = {isa = PBXFileReference; explicitFileType = wrapper.application; includeInIndex = 0; path = SimulatorPerritos.app; sourceTree = BUILT_PRODUCTS_DIR; };
		6A36F3872864742A00705005 /* SimulatorPerritos.app */ = {isa = PBXFileReference; explicitFileType = wrapper.application; includeInIndex = 0; path = SimulatorPerritos.app; sourceTree = BUILT_PRODUCTS_DIR; };
		6A36F3892864742A00705005 /* macOS.entitlements */ = {isa = PBXFileReference; lastKnownFileType = text.plist.entitlements; path = macOS.entitlements; sourceTree = "<group>"; };
		6A36F38E2864742A00705005 /* Tests iOS.xctest */ = {isa = PBXFileReference; explicitFileType = wrapper.cfbundle; includeInIndex = 0; path = "Tests iOS.xctest"; sourceTree = BUILT_PRODUCTS_DIR; };
		6A36F3922864742A00705005 /* Tests_iOS.swift */ = {isa = PBXFileReference; lastKnownFileType = sourcecode.swift; path = Tests_iOS.swift; sourceTree = "<group>"; };
		6A36F3942864742A00705005 /* Tests_iOSLaunchTests.swift */ = {isa = PBXFileReference; lastKnownFileType = sourcecode.swift; path = Tests_iOSLaunchTests.swift; sourceTree = "<group>"; };
		6A36F39A2864742A00705005 /* Tests macOS.xctest */ = {isa = PBXFileReference; explicitFileType = wrapper.cfbundle; includeInIndex = 0; path = "Tests macOS.xctest"; sourceTree = BUILT_PRODUCTS_DIR; };
		6A36F39E2864742A00705005 /* Tests_macOS.swift */ = {isa = PBXFileReference; lastKnownFileType = sourcecode.swift; path = Tests_macOS.swift; sourceTree = "<group>"; };
		6A36F3A02864742A00705005 /* Tests_macOSLaunchTests.swift */ = {isa = PBXFileReference; lastKnownFileType = sourcecode.swift; path = Tests_macOSLaunchTests.swift; sourceTree = "<group>"; };
/* End PBXFileReference section */

/* Begin PBXFrameworksBuildPhase section */
		6A36F37E2864742A00705005 /* Frameworks */ = {
			isa = PBXFrameworksBuildPhase;
			buildActionMask = 2147483647;
			files = (
			);
			runOnlyForDeploymentPostprocessing = 0;
		};
		6A36F3842864742A00705005 /* Frameworks */ = {
			isa = PBXFrameworksBuildPhase;
			buildActionMask = 2147483647;
			files = (
			);
			runOnlyForDeploymentPostprocessing = 0;
		};
		6A36F38B2864742A00705005 /* Frameworks */ = {
			isa = PBXFrameworksBuildPhase;
			buildActionMask = 2147483647;
			files = (
			);
			runOnlyForDeploymentPostprocessing = 0;
		};
		6A36F3972864742A00705005 /* Frameworks */ = {
			isa = PBXFrameworksBuildPhase;
			buildActionMask = 2147483647;
			files = (
			);
			runOnlyForDeploymentPostprocessing = 0;
		};
/* End PBXFrameworksBuildPhase section */

/* Begin PBXGroup section */
		6A36F3742864742700705005 = {
			isa = PBXGroup;
			children = (
				6A36F3792864742700705005 /* Shared */,
				6A36F3882864742A00705005 /* macOS */,
				6A36F3912864742A00705005 /* Tests iOS */,
				6A36F39D2864742A00705005 /* Tests macOS */,
				6A36F3822864742A00705005 /* Products */,
			);
			sourceTree = "<group>";
		};
		6A36F3792864742700705005 /* Shared */ = {
			isa = PBXGroup;
			children = (
				6A36F37A2864742700705005 /* SimulatorPerritosApp.swift */,
				6A36F37B2864742700705005 /* ContentView.swift */,
				6A36F37C2864742A00705005 /* Assets.xcassets */,
			);
			path = Shared;
			sourceTree = "<group>";
		};
		6A36F3822864742A00705005 /* Products */ = {
			isa = PBXGroup;
			children = (
				6A36F3812864742A00705005 /* SimulatorPerritos.app */,
				6A36F3872864742A00705005 /* SimulatorPerritos.app */,
				6A36F38E2864742A00705005 /* Tests iOS.xctest */,
				6A36F39A2864742A00705005 /* Tests macOS.xctest */,
			);
			name = Products;
			sourceTree = "<group>";
		};
		6A36F3882864742A00705005 /* macOS */ = {
			isa = PBXGroup;
			children = (
				6A36F3892864742A00705005 /* macOS.entitlements */,
			);
			path = macOS;
			sourceTree = "<group>";
		};
		6A36F3912864742A00705005 /* Tests iOS */ = {
			isa = PBXGroup;
			children = (
				6A36F3922864742A00705005 /* Tests_iOS.swift */,
				6A36F3942864742A00705005 /* Tests_iOSLaunchTests.swift */,
			);
			path = "Tests iOS";
			sourceTree = "<group>";
		};
		6A36F39D2864742A00705005 /* Tests macOS */ = {
			isa = PBXGroup;
			children = (
				6A36F39E2864742A00705005 /* Tests_macOS.swift */,
				6A36F3A02864742A00705005 /* Tests_macOSLaunchTests.swift */,
			);
			path = "Tests macOS";
			sourceTree = "<group>";
		};
/* End PBXGroup section */

/* Begin PBXNativeTarget section */
		6A36F3802864742A00705005 /* SimulatorPerritos (iOS) */ = {
			isa = PBXNativeTarget;
			buildConfigurationList = 6A36F3AA2864742A00705005 /* Build configuration list for PBXNativeTarget "SimulatorPerritos (iOS)" */;
			buildPhases = (
				6A36F37D2864742A00705005 /* Sources */,
				6A36F37E2864742A00705005 /* Frameworks */,
				6A36F37F2864742A00705005 /* Resources */,
			);
			buildRules = (
			);
			dependencies = (
			);
			name = "SimulatorPerritos (iOS)";
			productName = "SimulatorPerritos (iOS)";
			productReference = 6A36F3812864742A00705005 /* SimulatorPerritos.app */;
			productType = "com.apple.product-type.application";
		};
		6A36F3862864742A00705005 /* SimulatorPerritos (macOS) */ = {
			isa = PBXNativeTarget;
			buildConfigurationList = 6A36F3AD2864742A00705005 /* Build configuration list for PBXNativeTarget "SimulatorPerritos (macOS)" */;
			buildPhases = (
				6A36F3832864742A00705005 /* Sources */,
				6A36F3842864742A00705005 /* Frameworks */,
				6A36F3852864742A00705005 /* Resources */,
			);
			buildRules = (
			);
			dependencies = (
			);
			name = "SimulatorPerritos (macOS)";
			productName = "SimulatorPerritos (macOS)";
			productReference = 6A36F3872864742A00705005 /* SimulatorPerritos.app */;
			productType = "com.apple.product-type.application";
		};
		6A36F38D2864742A00705005 /* Tests iOS */ = {
			isa = PBXNativeTarget;
			buildConfigurationList = 6A36F3B02864742A00705005 /* Build configuration list for PBXNativeTarget "Tests iOS" */;
			buildPhases = (
				6A36F38A2864742A00705005 /* Sources */,
				6A36F38B2864742A00705005 /* Frameworks */,
				6A36F38C2864742A00705005 /* Resources */,
			);
			buildRules = (
			);
			dependencies = (
				6A36F3902864742A00705005 /* PBXTargetDependency */,
			);
			name = "Tests iOS";
			productName = "Tests iOS";
			productReference = 6A36F38E2864742A00705005 /* Tests iOS.xctest */;
			productType = "com.apple.product-type.bundle.ui-testing";
		};
		6A36F3992864742A00705005 /* Tests macOS */ = {
			isa = PBXNativeTarget;
			buildConfigurationList = 6A36F3B32864742A00705005 /* Build configuration list for PBXNativeTarget "Tests macOS" */;
			buildPhases = (
				6A36F3962864742A00705005 /* Sources */,
				6A36F3972864742A00705005 /* Frameworks */,
				6A36F3982864742A00705005 /* Resources */,
			);
			buildRules = (
			);
			dependencies = (
				6A36F39C2864742A00705005 /* PBXTargetDependency */,
			);
			name = "Tests macOS";
			productName = "Tests macOS";
			productReference = 6A36F39A2864742A00705005 /* Tests macOS.xctest */;
			productType = "com.apple.product-type.bundle.ui-testing";
		};
/* End PBXNativeTarget section */

/* Begin PBXProject section */
		6A36F3752864742700705005 /* Project object */ = {
			isa = PBXProject;
			attributes = {
				BuildIndependentTargetsInParallel = 1;
				LastSwiftUpdateCheck = 1340;
				LastUpgradeCheck = 1340;
				TargetAttributes = {
					6A36F3802864742A00705005 = {
						CreatedOnToolsVersion = 13.4.1;
					};
					6A36F3862864742A00705005 = {
						CreatedOnToolsVersion = 13.4.1;
					};
					6A36F38D2864742A00705005 = {
						CreatedOnToolsVersion = 13.4.1;
						TestTargetID = 6A36F3802864742A00705005;
					};
					6A36F3992864742A00705005 = {
						CreatedOnToolsVersion = 13.4.1;
						TestTargetID = 6A36F3862864742A00705005;
					};
				};
			};
			buildConfigurationList = 6A36F3782864742700705005 /* Build configuration list for PBXProject "SimulatorPerritos" */;
			compatibilityVersion = "Xcode 13.0";
			developmentRegion = en;
			hasScannedForEncodings = 0;
			knownRegions = (
				en,
				Base,
			);
			mainGroup = 6A36F3742864742700705005;
			productRefGroup = 6A36F3822864742A00705005 /* Products */;
			projectDirPath = "";
			projectRoot = "";
			targets = (
				6A36F3802864742A00705005 /* SimulatorPerritos (iOS) */,
				6A36F3862864742A00705005 /* SimulatorPerritos (macOS) */,
				6A36F38D2864742A00705005 /* Tests iOS */,
				6A36F3992864742A00705005 /* Tests macOS */,
			);
		};
/* End PBXProject section */

/* Begin PBXResourcesBuildPhase section */
		6A36F37F2864742A00705005 /* Resources */ = {
			isa = PBXResourcesBuildPhase;
			buildActionMask = 2147483647;
			files = (
				6A36F3A62864742A00705005 /* Assets.xcassets in Resources */,
			);
			runOnlyForDeploymentPostprocessing = 0;
		};
		6A36F3852864742A00705005 /* Resources */ = {
			isa = PBXResourcesBuildPhase;
			buildActionMask = 2147483647;
			files = (
				6A36F3A72864742A00705005 /* Assets.xcassets in Resources */,
			);
			runOnlyForDeploymentPostprocessing = 0;
		};
		6A36F38C2864742A00705005 /* Resources */ = {
			isa = PBXResourcesBuildPhase;
			buildActionMask = 2147483647;
			files = (
			);
			runOnlyForDeploymentPostprocessing = 0;
		};
		6A36F3982864742A00705005 /* Resources */ = {
			isa = PBXResourcesBuildPhase;
			buildActionMask = 2147483647;
			files = (
			);
			runOnlyForDeploymentPostprocessing = 0;
		};
/* End PBXResourcesBuildPhase section */

/* Begin PBXSourcesBuildPhase section */
		6A36F37D2864742A00705005 /* Sources */ = {
			isa = PBXSourcesBuildPhase;
			buildActionMask = 2147483647;
			files = (
				6A36F3A42864742A00705005 /* ContentView.swift in Sources */,
				6A36F3A22864742A00705005 /* SimulatorPerritosApp.swift in Sources */,
			);
			runOnlyForDeploymentPostprocessing = 0;
		};
		6A36F3832864742A00705005 /* Sources */ = {
			isa = PBXSourcesBuildPhase;
			buildActionMask = 2147483647;
			files = (
				6A36F3A52864742A00705005 /* ContentView.swift in Sources */,
				6A36F3A32864742A00705005 /* SimulatorPerritosApp.swift in Sources */,
			);
			runOnlyForDeploymentPostprocessing = 0;
		};
		6A36F38A2864742A00705005 /* Sources */ = {
			isa = PBXSourcesBuildPhase;
			buildActionMask = 2147483647;
			files = (
				6A36F3952864742A00705005 /* Tests_iOSLaunchTests.swift in Sources */,
				6A36F3932864742A00705005 /* Tests_iOS.swift in Sources */,
			);
			runOnlyForDeploymentPostprocessing = 0;
		};
		6A36F3962864742A00705005 /* Sources */ = {
			isa = PBXSourcesBuildPhase;
			buildActionMask = 2147483647;
			files = (
				6A36F3A12864742A00705005 /* Tests_macOSLaunchTests.swift in Sources */,
				6A36F39F2864742A00705005 /* Tests_macOS.swift in Sources */,
			);
			runOnlyForDeploymentPostprocessing = 0;
		};
/* End PBXSourcesBuildPhase section */

/* Begin PBXTargetDependency section */
		6A36F3902864742A00705005 /* PBXTargetDependency */ = {
			isa = PBXTargetDependency;
			target = 6A36F3802864742A00705005 /* SimulatorPerritos (iOS) */;
			targetProxy = 6A36F38F2864742A00705005 /* PBXContainerItemProxy */;
		};
		6A36F39C2864742A00705005 /* PBXTargetDependency */ = {
			isa = PBXTargetDependency;
			target = 6A36F3862864742A00705005 /* SimulatorPerritos (macOS) */;
			targetProxy = 6A36F39B2864742A00705005 /* PBXContainerItemProxy */;
		};
/* End PBXTargetDependency section */

/* Begin XCBuildConfiguration section */
		6A36F3A82864742A00705005 /* Debug */ = {
			isa = XCBuildConfiguration;
			buildSettings = {
				ALWAYS_SEARCH_USER_PATHS = NO;
				CLANG_ANALYZER_NONNULL = YES;
				CLANG_ANALYZER_NUMBER_OBJECT_CONVERSION = YES_AGGRESSIVE;
				CLANG_CXX_LANGUAGE_STANDARD = "gnu++17";
				CLANG_ENABLE_MODULES = YES;
				CLANG_ENABLE_OBJC_ARC = YES;
				CLANG_ENABLE_OBJC_WEAK = YES;
				CLANG_WARN_BLOCK_CAPTURE_AUTORELEASING = YES;
				CLANG_WARN_BOOL_CONVERSION = YES;
				CLANG_WARN_COMMA = YES;
				CLANG_WARN_CONSTANT_CONVERSION = YES;
				CLANG_WARN_DEPRECATED_OBJC_IMPLEMENTATIONS = YES;
				CLANG_WARN_DIRECT_OBJC_ISA_USAGE = YES_ERROR;
				CLANG_WARN_DOCUMENTATION_COMMENTS = YES;
				CLANG_WARN_EMPTY_BODY = YES;
				CLANG_WARN_ENUM_CONVERSION = YES;
				CLANG_WARN_INFINITE_RECURSION = YES;
				CLANG_WARN_INT_CONVERSION = YES;
				CLANG_WARN_NON_LITERAL_NULL_CONVERSION = YES;
				CLANG_WARN_OBJC_IMPLICIT_RETAIN_SELF = YES;
				CLANG_WARN_OBJC_LITERAL_CONVERSION = YES;
				CLANG_WARN_OBJC_ROOT_CLASS = YES_ERROR;
				CLANG_WARN_QUOTED_INCLUDE_IN_FRAMEWORK_HEADER = YES;
				CLANG_WARN_RANGE_LOOP_ANALYSIS = YES;
				CLANG_WARN_STRICT_PROTOTYPES = YES;
				CLANG_WARN_SUSPICIOUS_MOVE = YES;
				CLANG_WARN_UNGUARDED_AVAILABILITY = YES_AGGRESSIVE;
				CLANG_WARN_UNREACHABLE_CODE = YES;
				CLANG_WARN__DUPLICATE_METHOD_MATCH = YES;
				COPY_PHASE_STRIP = NO;
				DEBUG_INFORMATION_FORMAT = dwarf;
				ENABLE_STRICT_OBJC_MSGSEND = YES;
				ENABLE_TESTABILITY = YES;
				GCC_C_LANGUAGE_STANDARD = gnu11;
				GCC_DYNAMIC_NO_PIC = NO;
				GCC_NO_COMMON_BLOCKS = YES;
				GCC_OPTIMIZATION_LEVEL = 0;
				GCC_PREPROCESSOR_DEFINITIONS = (
					"DEBUG=1",
					"$(inherited)",
				);
				GCC_WARN_64_TO_32_BIT_CONVERSION = YES;
				GCC_WARN_ABOUT_RETURN_TYPE = YES_ERROR;
				GCC_WARN_UNDECLARED_SELECTOR = YES;
				GCC_WARN_UNINITIALIZED_AUTOS = YES_AGGRESSIVE;
				GCC_WARN_UNUSED_FUNCTION = YES;
				GCC_WARN_UNUSED_VARIABLE = YES;
				MTL_ENABLE_DEBUG_INFO = INCLUDE_SOURCE;
				MTL_FAST_MATH = YES;
				ONLY_ACTIVE_ARCH = YES;
				SWIFT_ACTIVE_COMPILATION_CONDITIONS = DEBUG;
				SWIFT_OPTIMIZATION_LEVEL = "-Onone";
			};
			name = Debug;
		};
		6A36F3A92864742A00705005 /* Release */ = {
			isa = XCBuildConfiguration;
			buildSettings = {
				ALWAYS_SEARCH_USER_PATHS = NO;
				CLANG_ANALYZER_NONNULL = YES;
				CLANG_ANALYZER_NUMBER_OBJECT_CONVERSION = YES_AGGRESSIVE;
				CLANG_CXX_LANGUAGE_STANDARD = "gnu++17";
				CLANG_ENABLE_MODULES = YES;
				CLANG_ENABLE_OBJC_ARC = YES;
				CLANG_ENABLE_OBJC_WEAK = YES;
				CLANG_WARN_BLOCK_CAPTURE_AUTORELEASING = YES;
				CLANG_WARN_BOOL_CONVERSION = YES;
				CLANG_WARN_COMMA = YES;
				CLANG_WARN_CONSTANT_CONVERSION = YES;
				CLANG_WARN_DEPRECATED_OBJC_IMPLEMENTATIONS = YES;
				CLANG_WARN_DIRECT_OBJC_ISA_USAGE = YES_ERROR;
				CLANG_WARN_DOCUMENTATION_COMMENTS = YES;
				CLANG_WARN_EMPTY_BODY = YES;
				CLANG_WARN_ENUM_CONVERSION = YES;
				CLANG_WARN_INFINITE_RECURSION = YES;
				CLANG_WARN_INT_CONVERSION = YES;
				CLANG_WARN_NON_LITERAL_NULL_CONVERSION = YES;
				CLANG_WARN_OBJC_IMPLICIT_RETAIN_SELF = YES;
				CLANG_WARN_OBJC_LITERAL_CONVERSION = YES;
				CLANG_WARN_OBJC_ROOT_CLASS = YES_ERROR;
				CLANG_WARN_QUOTED_INCLUDE_IN_FRAMEWORK_HEADER = YES;
				CLANG_WARN_RANGE_LOOP_ANALYSIS = YES;
				CLANG_WARN_STRICT_PROTOTYPES = YES;
				CLANG_WARN_SUSPICIOUS_MOVE = YES;
				CLANG_WARN_UNGUARDED_AVAILABILITY = YES_AGGRESSIVE;
				CLANG_WARN_UNREACHABLE_CODE = YES;
				CLANG_WARN__DUPLICATE_METHOD_MATCH = YES;
				COPY_PHASE_STRIP = NO;
				DEBUG_INFORMATION_FORMAT = "dwarf-with-dsym";
				ENABLE_NS_ASSERTIONS = NO;
				ENABLE_STRICT_OBJC_MSGSEND = YES;
				GCC_C_LANGUAGE_STANDARD = gnu11;
				GCC_NO_COMMON_BLOCKS = YES;
				GCC_WARN_64_TO_32_BIT_CONVERSION = YES;
				GCC_WARN_ABOUT_RETURN_TYPE = YES_ERROR;
				GCC_WARN_UNDECLARED_SELECTOR = YES;
				GCC_WARN_UNINITIALIZED_AUTOS = YES_AGGRESSIVE;
				GCC_WARN_UNUSED_FUNCTION = YES;
				GCC_WARN_UNUSED_VARIABLE = YES;
				MTL_ENABLE_DEBUG_INFO = NO;
				MTL_FAST_MATH = YES;
				SWIFT_COMPILATION_MODE = wholemodule;
				SWIFT_OPTIMIZATION_LEVEL = "-O";
			};
			name = Release;
		};
		6A36F3AB2864742A00705005 /* Debug */ = {
			isa = XCBuildConfiguration;
			buildSettings = {
				ASSETCATALOG_COMPILER_APPICON_NAME = AppIcon;
				ASSETCATALOG_COMPILER_GLOBAL_ACCENT_COLOR_NAME = AccentColor;
				CODE_SIGN_STYLE = Automatic;
				CURRENT_PROJECT_VERSION = 1;
				ENABLE_PREVIEWS = YES;
				GENERATE_INFOPLIST_FILE = YES;
				INFOPLIST_KEY_UIApplicationSceneManifest_Generation = YES;
				INFOPLIST_KEY_UIApplicationSupportsIndirectInputEvents = YES;
				INFOPLIST_KEY_UILaunchScreen_Generation = YES;
				INFOPLIST_KEY_UISupportedInterfaceOrientations_iPad = "UIInterfaceOrientationPortrait UIInterfaceOrientationPortraitUpsideDown UIInterfaceOrientationLandscapeLeft UIInterfaceOrientationLandscapeRight";
				INFOPLIST_KEY_UISupportedInterfaceOrientations_iPhone = "UIInterfaceOrientationPortrait UIInterfaceOrientationLandscapeLeft UIInterfaceOrientationLandscapeRight";
				IPHONEOS_DEPLOYMENT_TARGET = 15.5;
				LD_RUNPATH_SEARCH_PATHS = (
					"$(inherited)",
					"@executable_path/Frameworks",
				);
				MARKETING_VERSION = 1.0;
				PRODUCT_BUNDLE_IDENTIFIER = htwg.SimulatorPerritos;
				PRODUCT_NAME = SimulatorPerritos;
				SDKROOT = iphoneos;
				SWIFT_EMIT_LOC_STRINGS = YES;
				SWIFT_VERSION = 5.0;
				TARGETED_DEVICE_FAMILY = "1,2";
			};
			name = Debug;
		};
		6A36F3AC2864742A00705005 /* Release */ = {
			isa = XCBuildConfiguration;
			buildSettings = {
				ASSETCATALOG_COMPILER_APPICON_NAME = AppIcon;
				ASSETCATALOG_COMPILER_GLOBAL_ACCENT_COLOR_NAME = AccentColor;
				CODE_SIGN_STYLE = Automatic;
				CURRENT_PROJECT_VERSION = 1;
				ENABLE_PREVIEWS = YES;
				GENERATE_INFOPLIST_FILE = YES;
				INFOPLIST_KEY_UIApplicationSceneManifest_Generation = YES;
				INFOPLIST_KEY_UIApplicationSupportsIndirectInputEvents = YES;
				INFOPLIST_KEY_UILaunchScreen_Generation = YES;
				INFOPLIST_KEY_UISupportedInterfaceOrientations_iPad = "UIInterfaceOrientationPortrait UIInterfaceOrientationPortraitUpsideDown UIInterfaceOrientationLandscapeLeft UIInterfaceOrientationLandscapeRight";
				INFOPLIST_KEY_UISupportedInterfaceOrientations_iPhone = "UIInterfaceOrientationPortrait UIInterfaceOrientationLandscapeLeft UIInterfaceOrientationLandscapeRight";
				IPHONEOS_DEPLOYMENT_TARGET = 15.5;
				LD_RUNPATH_SEARCH_PATHS = (
					"$(inherited)",
					"@executable_path/Frameworks",
				);
				MARKETING_VERSION = 1.0;
				PRODUCT_BUNDLE_IDENTIFIER = htwg.SimulatorPerritos;
				PRODUCT_NAME = SimulatorPerritos;
				SDKROOT = iphoneos;
				SWIFT_EMIT_LOC_STRINGS = YES;
				SWIFT_VERSION = 5.0;
				TARGETED_DEVICE_FAMILY = "1,2";
				VALIDATE_PRODUCT = YES;
			};
			name = Release;
		};
		6A36F3AE2864742A00705005 /* Debug */ = {
			isa = XCBuildConfiguration;
			buildSettings = {
				ASSETCATALOG_COMPILER_APPICON_NAME = AppIcon;
				ASSETCATALOG_COMPILER_GLOBAL_ACCENT_COLOR_NAME = AccentColor;
				CODE_SIGN_ENTITLEMENTS = macOS/macOS.entitlements;
				CODE_SIGN_STYLE = Automatic;
				COMBINE_HIDPI_IMAGES = YES;
				CURRENT_PROJECT_VERSION = 1;
				ENABLE_PREVIEWS = YES;
				GENERATE_INFOPLIST_FILE = YES;
				INFOPLIST_KEY_NSHumanReadableCopyright = "";
				LD_RUNPATH_SEARCH_PATHS = (
					"$(inherited)",
					"@executable_path/../Frameworks",
				);
				MACOSX_DEPLOYMENT_TARGET = 12.3;
				MARKETING_VERSION = 1.0;
				PRODUCT_BUNDLE_IDENTIFIER = htwg.SimulatorPerritos;
				PRODUCT_NAME = SimulatorPerritos;
				SDKROOT = macosx;
				SWIFT_EMIT_LOC_STRINGS = YES;
				SWIFT_VERSION = 5.0;
			};
			name = Debug;
		};
		6A36F3AF2864742A00705005 /* Release */ = {
			isa = XCBuildConfiguration;
			buildSettings = {
				ASSETCATALOG_COMPILER_APPICON_NAME = AppIcon;
				ASSETCATALOG_COMPILER_GLOBAL_ACCENT_COLOR_NAME = AccentColor;
				CODE_SIGN_ENTITLEMENTS = macOS/macOS.entitlements;
				CODE_SIGN_STYLE = Automatic;
				COMBINE_HIDPI_IMAGES = YES;
				CURRENT_PROJECT_VERSION = 1;
				ENABLE_PREVIEWS = YES;
				GENERATE_INFOPLIST_FILE = YES;
				INFOPLIST_KEY_NSHumanReadableCopyright = "";
				LD_RUNPATH_SEARCH_PATHS = (
					"$(inherited)",
					"@executable_path/../Frameworks",
				);
				MACOSX_DEPLOYMENT_TARGET = 12.3;
				MARKETING_VERSION = 1.0;
				PRODUCT_BUNDLE_IDENTIFIER = htwg.SimulatorPerritos;
				PRODUCT_NAME = SimulatorPerritos;
				SDKROOT = macosx;
				SWIFT_EMIT_LOC_STRINGS = YES;
				SWIFT_VERSION = 5.0;
			};
			name = Release;
		};
		6A36F3B12864742A00705005 /* Debug */ = {
			isa = XCBuildConfiguration;
			buildSettings = {
				ALWAYS_EMBED_SWIFT_STANDARD_LIBRARIES = YES;
				CODE_SIGN_STYLE = Automatic;
				CURRENT_PROJECT_VERSION = 1;
				GENERATE_INFOPLIST_FILE = YES;
				IPHONEOS_DEPLOYMENT_TARGET = 15.5;
				MARKETING_VERSION = 1.0;
				PRODUCT_BUNDLE_IDENTIFIER = "htwg.Tests-iOS";
				PRODUCT_NAME = "$(TARGET_NAME)";
				SDKROOT = iphoneos;
				SWIFT_EMIT_LOC_STRINGS = NO;
				SWIFT_VERSION = 5.0;
				TARGETED_DEVICE_FAMILY = "1,2";
				TEST_TARGET_NAME = "SimulatorPerritos (iOS)";
			};
			name = Debug;
		};
		6A36F3B22864742A00705005 /* Release */ = {
			isa = XCBuildConfiguration;
			buildSettings = {
				ALWAYS_EMBED_SWIFT_STANDARD_LIBRARIES = YES;
				CODE_SIGN_STYLE = Automatic;
				CURRENT_PROJECT_VERSION = 1;
				GENERATE_INFOPLIST_FILE = YES;
				IPHONEOS_DEPLOYMENT_TARGET = 15.5;
				MARKETING_VERSION = 1.0;
				PRODUCT_BUNDLE_IDENTIFIER = "htwg.Tests-iOS";
				PRODUCT_NAME = "$(TARGET_NAME)";
				SDKROOT = iphoneos;
				SWIFT_EMIT_LOC_STRINGS = NO;
				SWIFT_VERSION = 5.0;
				TARGETED_DEVICE_FAMILY = "1,2";
				TEST_TARGET_NAME = "SimulatorPerritos (iOS)";
				VALIDATE_PRODUCT = YES;
			};
			name = Release;
		};
		6A36F3B42864742A00705005 /* Debug */ = {
			isa = XCBuildConfiguration;
			buildSettings = {
				ALWAYS_EMBED_SWIFT_STANDARD_LIBRARIES = YES;
				CODE_SIGN_STYLE = Automatic;
				CURRENT_PROJECT_VERSION = 1;
				GENERATE_INFOPLIST_FILE = YES;
				MACOSX_DEPLOYMENT_TARGET = 12.3;
				MARKETING_VERSION = 1.0;
				PRODUCT_BUNDLE_IDENTIFIER = "htwg.Tests-macOS";
				PRODUCT_NAME = "$(TARGET_NAME)";
				SDKROOT = macosx;
				SWIFT_EMIT_LOC_STRINGS = NO;
				SWIFT_VERSION = 5.0;
				TEST_TARGET_NAME = "SimulatorPerritos (macOS)";
			};
			name = Debug;
		};
		6A36F3B52864742A00705005 /* Release */ = {
			isa = XCBuildConfiguration;
			buildSettings = {
				ALWAYS_EMBED_SWIFT_STANDARD_LIBRARIES = YES;
				CODE_SIGN_STYLE = Automatic;
				CURRENT_PROJECT_VERSION = 1;
				GENERATE_INFOPLIST_FILE = YES;
				MACOSX_DEPLOYMENT_TARGET = 12.3;
				MARKETING_VERSION = 1.0;
				PRODUCT_BUNDLE_IDENTIFIER = "htwg.Tests-macOS";
				PRODUCT_NAME = "$(TARGET_NAME)";
				SDKROOT = macosx;
				SWIFT_EMIT_LOC_STRINGS = NO;
				SWIFT_VERSION = 5.0;
				TEST_TARGET_NAME = "SimulatorPerritos (macOS)";
			};
			name = Release;
		};
/* End XCBuildConfiguration section */

/* Begin XCConfigurationList section */
		6A36F3782864742700705005 /* Build configuration list for PBXProject "SimulatorPerritos" */ = {
			isa = XCConfigurationList;
			buildConfigurations = (
				6A36F3A82864742A00705005 /* Debug */,
				6A36F3A92864742A00705005 /* Release */,
			);
			defaultConfigurationIsVisible = 0;
			defaultConfigurationName = Release;
		};
		6A36F3AA2864742A00705005 /* Build configuration list for PBXNativeTarget "SimulatorPerritos (iOS)" */ = {
			isa = XCConfigurationList;
			buildConfigurations = (
				6A36F3AB2864742A00705005 /* Debug */,
				6A36F3AC2864742A00705005 /* Release */,
			);
			defaultConfigurationIsVisible = 0;
			defaultConfigurationName = Release;
		};
		6A36F3AD2864742A00705005 /* Build configuration list for PBXNativeTarget "SimulatorPerritos (macOS)" */ = {
			isa = XCConfigurationList;
			buildConfigurations = (
				6A36F3AE2864742A00705005 /* Debug */,
				6A36F3AF2864742A00705005 /* Release */,
			);
			defaultConfigurationIsVisible = 0;
			defaultConfigurationName = Release;
		};
		6A36F3B02864742A00705005 /* Build configuration list for PBXNativeTarget "Tests iOS" */ = {
			isa = XCConfigurationList;
			buildConfigurations = (
				6A36F3B12864742A00705005 /* Debug */,
				6A36F3B22864742A00705005 /* Release */,
			);
			defaultConfigurationIsVisible = 0;
			defaultConfigurationName = Release;
		};
		6A36F3B32864742A00705005 /* Build configuration list for PBXNativeTarget "Tests macOS" */ = {
			isa = XCConfigurationList;
			buildConfigurations = (
				6A36F3B42864742A00705005 /* Debug */,
				6A36F3B52864742A00705005 /* Release */,
			);
			defaultConfigurationIsVisible = 0;
			defaultConfigurationName = Release;
		};
/* End XCConfigurationList section */
	};
	rootObject = 6A36F3752864742700705005 /* Project object */;
}
